
Microsoft Visual Studio Solution File, Format Version 12.00
# Visual Studio Version 16
VisualStudioVersion = 16.0.30503.244
MinimumVisualStudioVersion = 10.0.40219.1
Project("{FAE04EC0-301F-11D3-BF4B-00C04F79EFBC}") = "BMIcalculator", "BMIcalculator.csproj", "{B336B846-710B-400D-B2A3-52EB446C2CDC}"
EndProject
Global
	GlobalSection(SolutionConfigurationPlatforms) = preSolution
		Debug|Any CPU = Debug|Any CPU
		Release|Any CPU = Release|Any CPU
	EndGlobalSection
	GlobalSection(ProjectConfigurationPlatforms) = postSolution
		{B336B846-710B-400D-B2A3-52EB446C2CDC}.Debug|Any CPU.ActiveCfg = Debug|Any CPU
		{B336B846-710B-400D-B2A3-52EB446C2CDC}.Debug|Any CPU.Build.0 = Debug|Any CPU
		{B336B846-710B-400D-B2A3-52EB446C2CDC}.Release|Any CPU.ActiveCfg = Release|Any CPU
		{B336B846-710B-400D-B2A3-52EB446C2CDC}.Release|Any CPU.Build.0 = Release|Any CPU
	EndGlobalSection
	GlobalSection(SolutionProperties) = preSolution
		HideSolutionNode = FALSE
	EndGlobalSection
	GlobalSection(ExtensibilityGlobals) = postSolution
		SolutionGuid = {A54C52BE-D5C7-45A8-8E08-4E69272DD001}
	EndGlobalSection
EndGlobal
